
Microsoft Visual Studio Solution File, Format Version 12.00
# Visual Studio Version 17
VisualStudioVersion = 17.1.32414.318
MinimumVisualStudioVersion = 10.0.40219.1
Project("{FAE04EC0-301F-11D3-BF4B-00C04F79EFBC}") = "ConstructorsEX2", "ConstructorsEX2\ConstructorsEX2.csproj", "{9435D529-04E8-457F-A5F1-4E660677E4CB}"
EndProject
Global
	GlobalSection(SolutionConfigurationPlatforms) = preSolution
		Debug|Any CPU = Debug|Any CPU
		Release|Any CPU = Release|Any CPU
	EndGlobalSection
	GlobalSection(ProjectConfigurationPlatforms) = postSolution
		{9435D529-04E8-457F-A5F1-4E660677E4CB}.Debug|Any CPU.ActiveCfg = Debug|Any CPU
		{9435D529-04E8-457F-A5F1-4E660677E4CB}.Debug|Any CPU.Build.0 = Debug|Any CPU
		{9435D529-04E8-457F-A5F1-4E660677E4CB}.Release|Any CPU.ActiveCfg = Release|Any CPU
		{9435D529-04E8-457F-A5F1-4E660677E4CB}.Release|Any CPU.Build.0 = Release|Any CPU
	EndGlobalSection
	GlobalSection(SolutionProperties) = preSolution
		HideSolutionNode = FALSE
	EndGlobalSection
	GlobalSection(ExtensibilityGlobals) = postSolution
		SolutionGuid = {79850EF2-B85A-48EF-840E-59CF8647C9D4}
	EndGlobalSection
EndGlobal
