
Microsoft Visual Studio Solution File, Format Version 12.00
# Visual Studio Version 17
VisualStudioVersion = 17.1.32414.318
MinimumVisualStudioVersion = 10.0.40219.1
Project("{FAE04EC0-301F-11D3-BF4B-00C04F79EFBC}") = "WhatDay2", "WhatDay2\WhatDay2.csproj", "{B899E352-271D-480C-8316-C710D42A2E1E}"
EndProject
Global
	GlobalSection(SolutionConfigurationPlatforms) = preSolution
		Debug|Any CPU = Debug|Any CPU
		Release|Any CPU = Release|Any CPU
	EndGlobalSection
	GlobalSection(ProjectConfigurationPlatforms) = postSolution
		{B899E352-271D-480C-8316-C710D42A2E1E}.Debug|Any CPU.ActiveCfg = Debug|Any CPU
		{B899E352-271D-480C-8316-C710D42A2E1E}.Debug|Any CPU.Build.0 = Debug|Any CPU
		{B899E352-271D-480C-8316-C710D42A2E1E}.Release|Any CPU.ActiveCfg = Release|Any CPU
		{B899E352-271D-480C-8316-C710D42A2E1E}.Release|Any CPU.Build.0 = Release|Any CPU
	EndGlobalSection
	GlobalSection(SolutionProperties) = preSolution
		HideSolutionNode = FALSE
	EndGlobalSection
	GlobalSection(ExtensibilityGlobals) = postSolution
		SolutionGuid = {4ED626BE-AED7-412E-9BCC-91FB0C06BDA8}
	EndGlobalSection
EndGlobal
