
Microsoft Visual Studio Solution File, Format Version 12.00
# Visual Studio Version 17
VisualStudioVersion = 17.1.32414.318
MinimumVisualStudioVersion = 10.0.40219.1
Project("{FAE04EC0-301F-11D3-BF4B-00C04F79EFBC}") = "WhatDay1.sln", "WhatDay1.sln\WhatDay1.sln.csproj", "{B81B50F8-FAC9-4920-80D2-96D237827B56}"
EndProject
Global
	GlobalSection(SolutionConfigurationPlatforms) = preSolution
		Debug|Any CPU = Debug|Any CPU
		Release|Any CPU = Release|Any CPU
	EndGlobalSection
	GlobalSection(ProjectConfigurationPlatforms) = postSolution
		{B81B50F8-FAC9-4920-80D2-96D237827B56}.Debug|Any CPU.ActiveCfg = Debug|Any CPU
		{B81B50F8-FAC9-4920-80D2-96D237827B56}.Debug|Any CPU.Build.0 = Debug|Any CPU
		{B81B50F8-FAC9-4920-80D2-96D237827B56}.Release|Any CPU.ActiveCfg = Release|Any CPU
		{B81B50F8-FAC9-4920-80D2-96D237827B56}.Release|Any CPU.Build.0 = Release|Any CPU
	EndGlobalSection
	GlobalSection(SolutionProperties) = preSolution
		HideSolutionNode = FALSE
	EndGlobalSection
	GlobalSection(ExtensibilityGlobals) = postSolution
		SolutionGuid = {14CB191E-8B7C-4274-B972-E9E2357BF8F5}
	EndGlobalSection
EndGlobal
