
Microsoft Visual Studio Solution File, Format Version 12.00
# Visual Studio Version 17
VisualStudioVersion = 17.1.32414.318
MinimumVisualStudioVersion = 10.0.40219.1
Project("{FAE04EC0-301F-11D3-BF4B-00C04F79EFBC}") = "CreateAccount", "CreateAccount\CreateAccount.csproj", "{5DC85983-37AE-41D3-9073-EFF3E5DB2B0C}"
EndProject
Global
	GlobalSection(SolutionConfigurationPlatforms) = preSolution
		Debug|Any CPU = Debug|Any CPU
		Release|Any CPU = Release|Any CPU
	EndGlobalSection
	GlobalSection(ProjectConfigurationPlatforms) = postSolution
		{5DC85983-37AE-41D3-9073-EFF3E5DB2B0C}.Debug|Any CPU.ActiveCfg = Debug|Any CPU
		{5DC85983-37AE-41D3-9073-EFF3E5DB2B0C}.Debug|Any CPU.Build.0 = Debug|Any CPU
		{5DC85983-37AE-41D3-9073-EFF3E5DB2B0C}.Release|Any CPU.ActiveCfg = Release|Any CPU
		{5DC85983-37AE-41D3-9073-EFF3E5DB2B0C}.Release|Any CPU.Build.0 = Release|Any CPU
	EndGlobalSection
	GlobalSection(SolutionProperties) = preSolution
		HideSolutionNode = FALSE
	EndGlobalSection
	GlobalSection(ExtensibilityGlobals) = postSolution
		SolutionGuid = {C73CD771-611A-4648-88EF-1F8B02537113}
	EndGlobalSection
EndGlobal
