
Microsoft Visual Studio Solution File, Format Version 12.00
# Visual Studio Version 17
VisualStudioVersion = 17.1.32414.318
MinimumVisualStudioVersion = 10.0.40219.1
Project("{FAE04EC0-301F-11D3-BF4B-00C04F79EFBC}") = "Bank", "Bank\Bank.csproj", "{F5744156-FD63-426D-B85B-B76C87848774}"
EndProject
Global
	GlobalSection(SolutionConfigurationPlatforms) = preSolution
		Debug|Any CPU = Debug|Any CPU
		Release|Any CPU = Release|Any CPU
	EndGlobalSection
	GlobalSection(ProjectConfigurationPlatforms) = postSolution
		{F5744156-FD63-426D-B85B-B76C87848774}.Debug|Any CPU.ActiveCfg = Debug|Any CPU
		{F5744156-FD63-426D-B85B-B76C87848774}.Debug|Any CPU.Build.0 = Debug|Any CPU
		{F5744156-FD63-426D-B85B-B76C87848774}.Release|Any CPU.ActiveCfg = Release|Any CPU
		{F5744156-FD63-426D-B85B-B76C87848774}.Release|Any CPU.Build.0 = Release|Any CPU
	EndGlobalSection
	GlobalSection(SolutionProperties) = preSolution
		HideSolutionNode = FALSE
	EndGlobalSection
	GlobalSection(ExtensibilityGlobals) = postSolution
		SolutionGuid = {881EBCEC-3D97-4E61-A06F-E45E70E629F1}
	EndGlobalSection
EndGlobal
