
Microsoft Visual Studio Solution File, Format Version 12.00
# Visual Studio Version 17
VisualStudioVersion = 17.1.32414.318
MinimumVisualStudioVersion = 10.0.40219.1
Project("{FAE04EC0-301F-11D3-BF4B-00C04F79EFBC}") = "BankAccount", "BankAccount\BankAccount.csproj", "{C35EE27B-E1F3-4711-8862-16B6E548B9B4}"
EndProject
Global
	GlobalSection(SolutionConfigurationPlatforms) = preSolution
		Debug|Any CPU = Debug|Any CPU
		Release|Any CPU = Release|Any CPU
	EndGlobalSection
	GlobalSection(ProjectConfigurationPlatforms) = postSolution
		{C35EE27B-E1F3-4711-8862-16B6E548B9B4}.Debug|Any CPU.ActiveCfg = Debug|Any CPU
		{C35EE27B-E1F3-4711-8862-16B6E548B9B4}.Debug|Any CPU.Build.0 = Debug|Any CPU
		{C35EE27B-E1F3-4711-8862-16B6E548B9B4}.Release|Any CPU.ActiveCfg = Release|Any CPU
		{C35EE27B-E1F3-4711-8862-16B6E548B9B4}.Release|Any CPU.Build.0 = Release|Any CPU
	EndGlobalSection
	GlobalSection(SolutionProperties) = preSolution
		HideSolutionNode = FALSE
	EndGlobalSection
	GlobalSection(ExtensibilityGlobals) = postSolution
		SolutionGuid = {BF0CBC56-D7B7-4C34-B023-4BF426D0D55C}
	EndGlobalSection
EndGlobal
